
Microsoft Visual Studio Solution File, Format Version 12.00
# Visual Studio Version 17
VisualStudioVersion = 17.9.34616.47
MinimumVisualStudioVersion = 10.0.40219.1
Project("{8BC9CEB8-8B4A-11D0-8D11-00A0C91BC942}") = "Lab7", "Lab7.vcxproj", "{20FE2525-02B0-4D1C-A985-36B0B91AB79B}"
EndProject
Global
	GlobalSection(SolutionConfigurationPlatforms) = preSolution
		Debug|x64 = Debug|x64
		Debug|x86 = Debug|x86
		Release|x64 = Release|x64
		Release|x86 = Release|x86
	EndGlobalSection
	GlobalSection(ProjectConfigurationPlatforms) = postSolution
		{20FE2525-02B0-4D1C-A985-36B0B91AB79B}.Debug|x64.ActiveCfg = Debug|x64
		{20FE2525-02B0-4D1C-A985-36B0B91AB79B}.Debug|x64.Build.0 = Debug|x64
		{20FE2525-02B0-4D1C-A985-36B0B91AB79B}.Debug|x86.ActiveCfg = Debug|Win32
		{20FE2525-02B0-4D1C-A985-36B0B91AB79B}.Debug|x86.Build.0 = Debug|Win32
		{20FE2525-02B0-4D1C-A985-36B0B91AB79B}.Release|x64.ActiveCfg = Release|x64
		{20FE2525-02B0-4D1C-A985-36B0B91AB79B}.Release|x64.Build.0 = Release|x64
		{20FE2525-02B0-4D1C-A985-36B0B91AB79B}.Release|x86.ActiveCfg = Release|Win32
		{20FE2525-02B0-4D1C-A985-36B0B91AB79B}.Release|x86.Build.0 = Release|Win32
	EndGlobalSection
	GlobalSection(SolutionProperties) = preSolution
		HideSolutionNode = FALSE
	EndGlobalSection
	GlobalSection(ExtensibilityGlobals) = postSolution
		SolutionGuid = {8BB9883D-9FFA-4718-A4F8-9177550732C0}
	EndGlobalSection
EndGlobal
